
Microsoft Visual Studio Solution File, Format Version 12.00
# Visual Studio Version 16
VisualStudioVersion = 16.0.30611.23
MinimumVisualStudioVersion = 10.0.40219.1
Project("{00D1A9C2-B5F0-4AF3-8072-F6C62B433612}") = "SQL-Project-CICD", "SQL-Project-CICD\SQL-Project-CICD.sqlproj", "{48D85279-A25C-4744-8FC7-E662698BD780}"
EndProject
Project("{FAE04EC0-301F-11D3-BF4B-00C04F79EFBC}") = "SQL-Project-CICD.build", "SQL-Project-CICD.build\SQL-Project-CICD.build.csproj", "{05BB8A89-6BFB-4539-AACA-48A25E98D12F}"
EndProject
Global
	GlobalSection(SolutionConfigurationPlatforms) = preSolution
		Debug|Any CPU = Debug|Any CPU
		Release|Any CPU = Release|Any CPU
	EndGlobalSection
	GlobalSection(ProjectConfigurationPlatforms) = postSolution
		{48D85279-A25C-4744-8FC7-E662698BD780}.Debug|Any CPU.ActiveCfg = Debug|Any CPU
		{48D85279-A25C-4744-8FC7-E662698BD780}.Debug|Any CPU.Deploy.0 = Debug|Any CPU
		{48D85279-A25C-4744-8FC7-E662698BD780}.Release|Any CPU.ActiveCfg = Release|Any CPU
		{48D85279-A25C-4744-8FC7-E662698BD780}.Release|Any CPU.Build.0 = Release|Any CPU
		{48D85279-A25C-4744-8FC7-E662698BD780}.Release|Any CPU.Deploy.0 = Release|Any CPU
		{05BB8A89-6BFB-4539-AACA-48A25E98D12F}.Debug|Any CPU.ActiveCfg = Debug|Any CPU
		{05BB8A89-6BFB-4539-AACA-48A25E98D12F}.Debug|Any CPU.Build.0 = Debug|Any CPU
		{05BB8A89-6BFB-4539-AACA-48A25E98D12F}.Release|Any CPU.ActiveCfg = Release|Any CPU
		{05BB8A89-6BFB-4539-AACA-48A25E98D12F}.Release|Any CPU.Build.0 = Release|Any CPU
	EndGlobalSection
	GlobalSection(SolutionProperties) = preSolution
		HideSolutionNode = FALSE
	EndGlobalSection
	GlobalSection(ExtensibilityGlobals) = postSolution
		SolutionGuid = {7D5B3B93-A7D0-4601-ABF9-05E458BE9FCC}
	EndGlobalSection
EndGlobal
